
Microsoft Visual Studio Solution File, Format Version 12.00
# Visual Studio Version 17
VisualStudioVersion = 17.11.35219.272
MinimumVisualStudioVersion = 10.0.40219.1
Project("{FAE04EC0-301F-11D3-BF4B-00C04F79EFBC}") = "towns", "towns.csproj", "{0D7E06AC-E7E5-4CB3-81C1-5050616F7E3D}"
EndProject
Global
	GlobalSection(SolutionConfigurationPlatforms) = preSolution
		Debug|Any CPU = Debug|Any CPU
		Release|Any CPU = Release|Any CPU
	EndGlobalSection
	GlobalSection(ProjectConfigurationPlatforms) = postSolution
		{0D7E06AC-E7E5-4CB3-81C1-5050616F7E3D}.Debug|Any CPU.ActiveCfg = Debug|Any CPU
		{0D7E06AC-E7E5-4CB3-81C1-5050616F7E3D}.Debug|Any CPU.Build.0 = Debug|Any CPU
		{0D7E06AC-E7E5-4CB3-81C1-5050616F7E3D}.Release|Any CPU.ActiveCfg = Release|Any CPU
		{0D7E06AC-E7E5-4CB3-81C1-5050616F7E3D}.Release|Any CPU.Build.0 = Release|Any CPU
	EndGlobalSection
	GlobalSection(SolutionProperties) = preSolution
		HideSolutionNode = FALSE
	EndGlobalSection
	GlobalSection(ExtensibilityGlobals) = postSolution
		SolutionGuid = {F5CE6166-8CFD-43F0-9CB9-D963E6C95179}
	EndGlobalSection
EndGlobal
